"dependencies": {
  "next": "^13.0.4",
  "react": "^18.2.0",
  "react-dom": "^18.2.0"
},
"devDependencies": {
  "@babel/core": "^7.20.2",
  "node": ">=4"
}
},
"node_modules/argparse": {
"version": "1.0.10",
"resolved": "https://registry.npmjs.org/argparse/-/argparse-1.0.10.tgz",
  "node": "*"
}
},
"node_modules/browserslist": {
"version": "4.21.4",
"resolved": "https://registry.npmjs.org/browserslist/-/browserslist-4.21.4.tgz",
  "node": ">=4"
}
},
"node_modules/client-only": {
"version": "0.0.1",
"resolved": "https://registry.npmjs.org/client-only/-/client-only-0.0.1.tgz",
  }
}
},
"node_modules/electron-to-chromium": {
"version": "1.4.284",
"resolved": "https://registry.npmjs.org/electron-to-chromium/-/electron-to-chromium-1.4.284.tgz",
  "node": ">=4"
}
},
"node_modules/front-matter": {
"version": "4.0.2",
"resolved": "https://registry.npmjs.org/front-matter/-/front-matter-4.0.2.tgz",
  "markdown-it": "^12.0.0"
}
},
"node_modules/gensync": {
"version": "1.0.0-beta.2",
"resolved": "https://registry.npmjs.org/gensync/-/gensync-1.0.0-beta.2.tgz",
  "node": ">=6.9.0"
}
},
"node_modules/globals": {
"version": "11.12.0",
"resolved": "https://registry.npmjs.org/globals/-/globals-11.12.0.tgz",
  "node": ">=4"
}
},
"node_modules/js-tokens": {
"version": "4.0.0",
"resolved": "https://registry.npmjs.org/js-tokens/-/js-tokens-4.0.0.tgz",
  "uc.micro": "^1.0.1"
}
},
"node_modules/loader-utils": {
"version": "2.0.4",
"resolved": "https://registry.npmjs.org/loader-utils/-/loader-utils-2.0.4.tgz",
"integrity": "sha512-/sKlQJCBYVY9Ers9hqzKou4H6V5UWc/M59TH2dvkt+84itfnq7uFOMLpOiOS4ujvHP4etln18fmIxA5R5fll0g==",
"dev": true
},
"node_modules/ms": {
"version": "2.1.2",
"resolved": "https://registry.npmjs.org/ms/-/ms-2.1.2.tgz",
"integrity": "sha512-PiVXnNuFm5+iYkLBNeq5211hvO38y63T0i2KKh2KnUs3RpzJ+JtODFjkD8yjLwnDkTYF1eKXheUwdssR+NRZdg==",
"dev": true
},
"node_modules/picocolors": {
"version": "1.0.0",
"resolved": "https://registry.npmjs.org/picocolors/-/picocolors-1.0.0.tgz",
"integrity": "sha512-1fygroTLlHu66zi26VoTDv8yRgm0Fccecssto+MhsZ0D/DGW2sm8E8AjW7NU5VVTRt5GxbeZ5qBuJr+HyLYkjQ=="
},
"node_modules/postcss": {
"version": "8.4.14",
"resolved": "https://registry.npmjs.org/postcss/-/postcss-8.4.14.tgz",
  "node": "^10 || ^12 || >=14"
}
},
"node_modules/react": {
"version": "18.2.0",
"resolved": "https://registry.npmjs.org/react/-/react-18.2.0.tgz",
  "react": "^18.2.0"
}
},
"node_modules/scheduler": {
"version": "0.23.0",
"resolved": "https://registry.npmjs.org/scheduler/-/scheduler-0.23.0.tgz",
  "node": ">=4"
}
},
"node_modules/tslib": {
"version": "2.4.1",
"resolved": "https://registry.npmjs.org/tslib/-/tslib-2.4.1.tgz",
  "color-convert": "^1.9.0"
}
},
"argparse": {
"version": "1.0.10",
"resolved": "https://registry.npmjs.org/argparse/-/argparse-1.0.10.tgz",
"integrity": "sha512-vyL2OymJxmarO8gxMr0mhChsO9QGwhynfuu4+MHTAW6czfq9humCB7rKpUjDd9YUiDPU4mzpyupFSvOClAwbmQ==",
"dev": true
},
"browserslist": {
"version": "4.21.4",
"resolved": "https://registry.npmjs.org/browserslist/-/browserslist-4.21.4.tgz",
  "supports-color": "^5.3.0"
}
},
"client-only": {
"version": "0.0.1",
"resolved": "https://registry.npmjs.org/client-only/-/client-only-0.0.1.tgz",
  "ms": "2.1.2"
}
},
"electron-to-chromium": {
"version": "1.4.284",
"resolved": "https://registry.npmjs.org/electron-to-chromium/-/electron-to-chromium-1.4.284.tgz",
"integrity": "sha512-eGuFFw7Upda+g4p+QHvnW0RyTX/SVeJBDM/gCtMARO0cLuT2HcEKnTPvhjV6aGeqrCB/sbNop0Kszm0jsaWU4A==",
"dev": true
},
"front-matter": {
"version": "4.0.2",
"resolved": "https://registry.npmjs.org/front-matter/-/front-matter-4.0.2.tgz",
  "markdown-it": "^12.0.0"
}
},
"gensync": {
"version": "1.0.0-beta.2",
"resolved": "https://registry.npmjs.org/gensync/-/gensync-1.0.0-beta.2.tgz",
"integrity": "sha512-3hN7NaskYvMDLQY55gnW3NQ+mesEAepTqlg+VEbj7zzqEMBVNhzcGYYeqFo/TlYz6eQiFcp1HcsCZO+nGgS8zg==",
"dev": true
},
"globals": {
"version": "11.12.0",
"resolved": "https://registry.npmjs.org/globals/-/globals-11.12.0.tgz",
"integrity": "sha512-sKJf1+ceQBr4SMkvQnBDNDtf4TXpVhVGateu0t918bl30FnbE2m4vNLX+VWe/dpjlb+HugGYzW7uQXH98HPEYw==",
"dev": true
},
"js-tokens": {
"version": "4.0.0",
"resolved": "https://registry.npmjs.org/js-tokens/-/js-tokens-4.0.0.tgz",
  "uc.micro": "^1.0.1"
}
},
"loader-utils": {
"version": "2.0.4",
"resolved": "https://registry.npmjs.org/loader-utils/-/loader-utils-2.0.4.tgz",
"integrity": "sha512-/sKlQJCBYVY9Ers9hqzKou4H6V5UWc/M59TH2dvkt+84itfnq7uFOMLpOiOS4ujvHP4etln18fmIxA5R5fll0g==",
"dev": true
},
"ms": {
"version": "2.1.2",
"resolved": "https://registry.npmjs.org/ms/-/ms-2.1.2.tgz",
"integrity": "sha512-PiVXnNuFm5+iYkLBNeq5211hvO38y63T0i2KKh2KnUs3RpzJ+JtODFjkD8yjLwnDkTYF1eKXheUwdssR+NRZdg==",
"dev": true
},
"picocolors": {
"version": "1.0.0",
"resolved": "https://registry.npmjs.org/picocolors/-/picocolors-1.0.0.tgz",
"integrity": "sha512-1fygroTLlHu66zi26VoTDv8yRgm0Fccecssto+MhsZ0D/DGW2sm8E8AjW7NU5VVTRt5GxbeZ5qBuJr+HyLYkjQ=="
},
"postcss": {
"version": "8.4.14",
"resolved": "https://registry.npmjs.org/postcss/-/postcss-8.4.14.tgz",
  "source-map-js": "^1.0.2"
}
},
"react": {
"version": "18.2.0",
"resolved": "https://registry.npmjs.org/react/-/react-18.2.0.tgz",
  "scheduler": "^0.23.0"
}
},
"scheduler": {
"version": "0.23.0",
"resolved": "https://registry.npmjs.org/scheduler/-/scheduler-0.23.0.tgz",
"integrity": "sha512-/OaKK0xYrs3DmxRYqL/yDc+FxFUVYhDlXMhRmv3z915w2HF1tnN1omB354j8VUGO/hbRzyD6Y3sA7v7GS/ceog==",
"dev": true
},
"tslib": {
"version": "2.4.1",
"resolved": "https://registry.npmjs.org/tslib/-/tslib-2.4.1.tgz",
}